dependencies:
- name: minio
  repository: https://charts.bitnami.com/bitnami
  version: 17.0.21
- name: trino
  repository: https://trinodb.github.io/charts/
  version: 1.41.0
- name: kafka
  repository: https://charts.bitnami.com/bitnami
  version: 32.4.3
- name: spark
  repository: https://charts.bitnami.com/bitnami
  version: 10.0.3
- name: risingwave
  repository: https://risingwavelabs.github.io/helm-charts/
  version: 0.2.41
- name: postgresql
  repository: https://charts.bitnami.com/bitnami
  version: 18.1.1
- name: lakekeeper
  repository: https://lakekeeper.github.io/lakekeeper-charts/
  version: 0.8.0
digest: sha256:f72c1753b646860bfa1c9c4fcb8341a6f0cb2a2b57a46aade9e0a908cf8e56ba
generated: "2025-10-25T15:13:43.751034+01:00"
