dependencies:
- name: minio
  repository: https://charts.bitnami.com/bitnami
  version: 17.0.21
- name: trino
  repository: https://trinodb.github.io/charts/
  version: 1.41.0
- name: kafka
  repository: https://charts.bitnami.com/bitnami
  version: 32.4.3
- name: spark
  repository: https://charts.bitnami.com/bitnami
  version: 10.0.3
- name: risingwave
  repository: https://risingwavelabs.github.io/helm-charts/
  version: 0.2.44
- name: postgresql
  repository: https://charts.bitnami.com/bitnami
  version: 18.1.1
- name: lakekeeper
  repository: https://lakekeeper.github.io/lakekeeper-charts/
  version: 0.8.0
digest: sha256:f08dccf66ce8a7e60ab01a754f8ec85de3bf51e5b0704af62468c1af0990ffd2
generated: "2025-12-08T09:43:08.261386Z"
